
Microsoft Visual Studio Solution File, Format Version 12.00
# Visual Studio Version 17
VisualStudioVersion = 17.0.31903.59
MinimumVisualStudioVersion = 10.0.40219.1
Project("{FAE04EC0-301F-11D3-BF4B-00C04F79EFBC}") = "ConsoleApp1", "ConsoleApp1\ConsoleApp1.csproj", "{C40765CC-DE14-41FC-B3BB-B5E2881D860B}"
EndProject
Project("{2150E333-8FDC-42A3-9474-1A3956D46DE8}") = "introduce2", "introduce2", "{05FC69DD-1869-BBF8-1F9A-46A4035A0CDA}"
EndProject
Project("{FAE04EC0-301F-11D3-BF4B-00C04F79EFBC}") = "ClassLibrary1", "introduce2\ClassLibrary1\ClassLibrary1.csproj", "{843A5DC0-5C58-465F-9951-637D9DA60F03}"
EndProject
Project("{FAE04EC0-301F-11D3-BF4B-00C04F79EFBC}") = "ConsoleApp2", "ConsoleApp2\ConsoleApp2.csproj", "{FD5FF4D5-B868-4316-8F7B-6693C6A7E838}"
EndProject
Project("{FAE04EC0-301F-11D3-BF4B-00C04F79EFBC}") = "ConsoleApp3", "ConsoleApp3\ConsoleApp3.csproj", "{038E7B95-EEE4-45A1-A4EA-FD176E7FE13A}"
EndProject
Project("{FAE04EC0-301F-11D3-BF4B-00C04F79EFBC}") = "ConsoleApp4", "ConsoleApp4\ConsoleApp4.csproj", "{305B86AE-1850-4A03-A9F6-16358379876A}"
EndProject
Project("{FAE04EC0-301F-11D3-BF4B-00C04F79EFBC}") = "ConsoleApp5", "ConsoleApp5\ConsoleApp5.csproj", "{1F1207CD-CBBF-4EB1-B4C4-19E88D6CBFF0}"
EndProject
Project("{FAE04EC0-301F-11D3-BF4B-00C04F79EFBC}") = "ConsoleApp6", "ConsoleApp6\ConsoleApp6.csproj", "{BA794D9C-CB27-441E-82B0-448335A60F66}"
EndProject
Project("{FAE04EC0-301F-11D3-BF4B-00C04F79EFBC}") = "ConsoleApp7", "ConsoleApp7\ConsoleApp7.csproj", "{69F13152-BBEA-44D6-BE0F-2809A438ADEE}"
EndProject
Project("{FAE04EC0-301F-11D3-BF4B-00C04F79EFBC}") = "ConsoleApp8", "ConsoleApp8\ConsoleApp8.csproj", "{4F233C23-EBC5-469A-92CA-85114DC225E1}"
EndProject
Global
	GlobalSection(SolutionConfigurationPlatforms) = preSolution
		Debug|Any CPU = Debug|Any CPU
		Debug|x64 = Debug|x64
		Debug|x86 = Debug|x86
		Release|Any CPU = Release|Any CPU
		Release|x64 = Release|x64
		Release|x86 = Release|x86
	EndGlobalSection
	GlobalSection(ProjectConfigurationPlatforms) = postSolution
		{C40765CC-DE14-41FC-B3BB-B5E2881D860B}.Debug|Any CPU.ActiveCfg = Debug|Any CPU
		{C40765CC-DE14-41FC-B3BB-B5E2881D860B}.Debug|Any CPU.Build.0 = Debug|Any CPU
		{C40765CC-DE14-41FC-B3BB-B5E2881D860B}.Debug|x64.ActiveCfg = Debug|Any CPU
		{C40765CC-DE14-41FC-B3BB-B5E2881D860B}.Debug|x64.Build.0 = Debug|Any CPU
		{C40765CC-DE14-41FC-B3BB-B5E2881D860B}.Debug|x86.ActiveCfg = Debug|Any CPU
		{C40765CC-DE14-41FC-B3BB-B5E2881D860B}.Debug|x86.Build.0 = Debug|Any CPU
		{C40765CC-DE14-41FC-B3BB-B5E2881D860B}.Release|Any CPU.ActiveCfg = Release|Any CPU
		{C40765CC-DE14-41FC-B3BB-B5E2881D860B}.Release|Any CPU.Build.0 = Release|Any CPU
		{C40765CC-DE14-41FC-B3BB-B5E2881D860B}.Release|x64.ActiveCfg = Release|Any CPU
		{C40765CC-DE14-41FC-B3BB-B5E2881D860B}.Release|x64.Build.0 = Release|Any CPU
		{C40765CC-DE14-41FC-B3BB-B5E2881D860B}.Release|x86.ActiveCfg = Release|Any CPU
		{C40765CC-DE14-41FC-B3BB-B5E2881D860B}.Release|x86.Build.0 = Release|Any CPU
		{843A5DC0-5C58-465F-9951-637D9DA60F03}.Debug|Any CPU.ActiveCfg = Debug|Any CPU
		{843A5DC0-5C58-465F-9951-637D9DA60F03}.Debug|Any CPU.Build.0 = Debug|Any CPU
		{843A5DC0-5C58-465F-9951-637D9DA60F03}.Debug|x64.ActiveCfg = Debug|Any CPU
		{843A5DC0-5C58-465F-9951-637D9DA60F03}.Debug|x64.Build.0 = Debug|Any CPU
		{843A5DC0-5C58-465F-9951-637D9DA60F03}.Debug|x86.ActiveCfg = Debug|Any CPU
		{843A5DC0-5C58-465F-9951-637D9DA60F03}.Debug|x86.Build.0 = Debug|Any CPU
		{843A5DC0-5C58-465F-9951-637D9DA60F03}.Release|Any CPU.ActiveCfg = Release|Any CPU
		{843A5DC0-5C58-465F-9951-637D9DA60F03}.Release|Any CPU.Build.0 = Release|Any CPU
		{843A5DC0-5C58-465F-9951-637D9DA60F03}.Release|x64.ActiveCfg = Release|Any CPU
		{843A5DC0-5C58-465F-9951-637D9DA60F03}.Release|x64.Build.0 = Release|Any CPU
		{843A5DC0-5C58-465F-9951-637D9DA60F03}.Release|x86.ActiveCfg = Release|Any CPU
		{843A5DC0-5C58-465F-9951-637D9DA60F03}.Release|x86.Build.0 = Release|Any CPU
		{FD5FF4D5-B868-4316-8F7B-6693C6A7E838}.Debug|Any CPU.ActiveCfg = Debug|Any CPU
		{FD5FF4D5-B868-4316-8F7B-6693C6A7E838}.Debug|Any CPU.Build.0 = Debug|Any CPU
		{FD5FF4D5-B868-4316-8F7B-6693C6A7E838}.Debug|x64.ActiveCfg = Debug|Any CPU
		{FD5FF4D5-B868-4316-8F7B-6693C6A7E838}.Debug|x64.Build.0 = Debug|Any CPU
		{FD5FF4D5-B868-4316-8F7B-6693C6A7E838}.Debug|x86.ActiveCfg = Debug|Any CPU
		{FD5FF4D5-B868-4316-8F7B-6693C6A7E838}.Debug|x86.Build.0 = Debug|Any CPU
		{FD5FF4D5-B868-4316-8F7B-6693C6A7E838}.Release|Any CPU.ActiveCfg = Release|Any CPU
		{FD5FF4D5-B868-4316-8F7B-6693C6A7E838}.Release|Any CPU.Build.0 = Release|Any CPU
		{FD5FF4D5-B868-4316-8F7B-6693C6A7E838}.Release|x64.ActiveCfg = Release|Any CPU
		{FD5FF4D5-B868-4316-8F7B-6693C6A7E838}.Release|x64.Build.0 = Release|Any CPU
		{FD5FF4D5-B868-4316-8F7B-6693C6A7E838}.Release|x86.ActiveCfg = Release|Any CPU
		{FD5FF4D5-B868-4316-8F7B-6693C6A7E838}.Release|x86.Build.0 = Release|Any CPU
		{038E7B95-EEE4-45A1-A4EA-FD176E7FE13A}.Debug|Any CPU.ActiveCfg = Debug|Any CPU
		{038E7B95-EEE4-45A1-A4EA-FD176E7FE13A}.Debug|Any CPU.Build.0 = Debug|Any CPU
		{038E7B95-EEE4-45A1-A4EA-FD176E7FE13A}.Debug|x64.ActiveCfg = Debug|Any CPU
		{038E7B95-EEE4-45A1-A4EA-FD176E7FE13A}.Debug|x64.Build.0 = Debug|Any CPU
		{038E7B95-EEE4-45A1-A4EA-FD176E7FE13A}.Debug|x86.ActiveCfg = Debug|Any CPU
		{038E7B95-EEE4-45A1-A4EA-FD176E7FE13A}.Debug|x86.Build.0 = Debug|Any CPU
		{038E7B95-EEE4-45A1-A4EA-FD176E7FE13A}.Release|Any CPU.ActiveCfg = Release|Any CPU
		{038E7B95-EEE4-45A1-A4EA-FD176E7FE13A}.Release|Any CPU.Build.0 = Release|Any CPU
		{038E7B95-EEE4-45A1-A4EA-FD176E7FE13A}.Release|x64.ActiveCfg = Release|Any CPU
		{038E7B95-EEE4-45A1-A4EA-FD176E7FE13A}.Release|x64.Build.0 = Release|Any CPU
		{038E7B95-EEE4-45A1-A4EA-FD176E7FE13A}.Release|x86.ActiveCfg = Release|Any CPU
		{038E7B95-EEE4-45A1-A4EA-FD176E7FE13A}.Release|x86.Build.0 = Release|Any CPU
		{305B86AE-1850-4A03-A9F6-16358379876A}.Debug|Any CPU.ActiveCfg = Debug|Any CPU
		{305B86AE-1850-4A03-A9F6-16358379876A}.Debug|Any CPU.Build.0 = Debug|Any CPU
		{305B86AE-1850-4A03-A9F6-16358379876A}.Debug|x64.ActiveCfg = Debug|Any CPU
		{305B86AE-1850-4A03-A9F6-16358379876A}.Debug|x64.Build.0 = Debug|Any CPU
		{305B86AE-1850-4A03-A9F6-16358379876A}.Debug|x86.ActiveCfg = Debug|Any CPU
		{305B86AE-1850-4A03-A9F6-16358379876A}.Debug|x86.Build.0 = Debug|Any CPU
		{305B86AE-1850-4A03-A9F6-16358379876A}.Release|Any CPU.ActiveCfg = Release|Any CPU
		{305B86AE-1850-4A03-A9F6-16358379876A}.Release|Any CPU.Build.0 = Release|Any CPU
		{305B86AE-1850-4A03-A9F6-16358379876A}.Release|x64.ActiveCfg = Release|Any CPU
		{305B86AE-1850-4A03-A9F6-16358379876A}.Release|x64.Build.0 = Release|Any CPU
		{305B86AE-1850-4A03-A9F6-16358379876A}.Release|x86.ActiveCfg = Release|Any CPU
		{305B86AE-1850-4A03-A9F6-16358379876A}.Release|x86.Build.0 = Release|Any CPU
		{1F1207CD-CBBF-4EB1-B4C4-19E88D6CBFF0}.Debug|Any CPU.ActiveCfg = Debug|Any CPU
		{1F1207CD-CBBF-4EB1-B4C4-19E88D6CBFF0}.Debug|Any CPU.Build.0 = Debug|Any CPU
		{1F1207CD-CBBF-4EB1-B4C4-19E88D6CBFF0}.Debug|x64.ActiveCfg = Debug|Any CPU
		{1F1207CD-CBBF-4EB1-B4C4-19E88D6CBFF0}.Debug|x64.Build.0 = Debug|Any CPU
		{1F1207CD-CBBF-4EB1-B4C4-19E88D6CBFF0}.Debug|x86.ActiveCfg = Debug|Any CPU
		{1F1207CD-CBBF-4EB1-B4C4-19E88D6CBFF0}.Debug|x86.Build.0 = Debug|Any CPU
		{1F1207CD-CBBF-4EB1-B4C4-19E88D6CBFF0}.Release|Any CPU.ActiveCfg = Release|Any CPU
		{1F1207CD-CBBF-4EB1-B4C4-19E88D6CBFF0}.Release|Any CPU.Build.0 = Release|Any CPU
		{1F1207CD-CBBF-4EB1-B4C4-19E88D6CBFF0}.Release|x64.ActiveCfg = Release|Any CPU
		{1F1207CD-CBBF-4EB1-B4C4-19E88D6CBFF0}.Release|x64.Build.0 = Release|Any CPU
		{1F1207CD-CBBF-4EB1-B4C4-19E88D6CBFF0}.Release|x86.ActiveCfg = Release|Any CPU
		{1F1207CD-CBBF-4EB1-B4C4-19E88D6CBFF0}.Release|x86.Build.0 = Release|Any CPU
		{BA794D9C-CB27-441E-82B0-448335A60F66}.Debug|Any CPU.ActiveCfg = Debug|Any CPU
		{BA794D9C-CB27-441E-82B0-448335A60F66}.Debug|Any CPU.Build.0 = Debug|Any CPU
		{BA794D9C-CB27-441E-82B0-448335A60F66}.Debug|x64.ActiveCfg = Debug|Any CPU
		{BA794D9C-CB27-441E-82B0-448335A60F66}.Debug|x64.Build.0 = Debug|Any CPU
		{BA794D9C-CB27-441E-82B0-448335A60F66}.Debug|x86.ActiveCfg = Debug|Any CPU
		{BA794D9C-CB27-441E-82B0-448335A60F66}.Debug|x86.Build.0 = Debug|Any CPU
		{BA794D9C-CB27-441E-82B0-448335A60F66}.Release|Any CPU.ActiveCfg = Release|Any CPU
		{BA794D9C-CB27-441E-82B0-448335A60F66}.Release|Any CPU.Build.0 = Release|Any CPU
		{BA794D9C-CB27-441E-82B0-448335A60F66}.Release|x64.ActiveCfg = Release|Any CPU
		{BA794D9C-CB27-441E-82B0-448335A60F66}.Release|x64.Build.0 = Release|Any CPU
		{BA794D9C-CB27-441E-82B0-448335A60F66}.Release|x86.ActiveCfg = Release|Any CPU
		{BA794D9C-CB27-441E-82B0-448335A60F66}.Release|x86.Build.0 = Release|Any CPU
		{69F13152-BBEA-44D6-BE0F-2809A438ADEE}.Debug|Any CPU.ActiveCfg = Debug|Any CPU
		{69F13152-BBEA-44D6-BE0F-2809A438ADEE}.Debug|Any CPU.Build.0 = Debug|Any CPU
		{69F13152-BBEA-44D6-BE0F-2809A438ADEE}.Debug|x64.ActiveCfg = Debug|Any CPU
		{69F13152-BBEA-44D6-BE0F-2809A438ADEE}.Debug|x64.Build.0 = Debug|Any CPU
		{69F13152-BBEA-44D6-BE0F-2809A438ADEE}.Debug|x86.ActiveCfg = Debug|Any CPU
		{69F13152-BBEA-44D6-BE0F-2809A438ADEE}.Debug|x86.Build.0 = Debug|Any CPU
		{69F13152-BBEA-44D6-BE0F-2809A438ADEE}.Release|Any CPU.ActiveCfg = Release|Any CPU
		{69F13152-BBEA-44D6-BE0F-2809A438ADEE}.Release|Any CPU.Build.0 = Release|Any CPU
		{69F13152-BBEA-44D6-BE0F-2809A438ADEE}.Release|x64.ActiveCfg = Release|Any CPU
		{69F13152-BBEA-44D6-BE0F-2809A438ADEE}.Release|x64.Build.0 = Release|Any CPU
		{69F13152-BBEA-44D6-BE0F-2809A438ADEE}.Release|x86.ActiveCfg = Release|Any CPU
		{69F13152-BBEA-44D6-BE0F-2809A438ADEE}.Release|x86.Build.0 = Release|Any CPU
		{4F233C23-EBC5-469A-92CA-85114DC225E1}.Debug|Any CPU.ActiveCfg = Debug|Any CPU
		{4F233C23-EBC5-469A-92CA-85114DC225E1}.Debug|Any CPU.Build.0 = Debug|Any CPU
		{4F233C23-EBC5-469A-92CA-85114DC225E1}.Debug|x64.ActiveCfg = Debug|Any CPU
		{4F233C23-EBC5-469A-92CA-85114DC225E1}.Debug|x64.Build.0 = Debug|Any CPU
		{4F233C23-EBC5-469A-92CA-85114DC225E1}.Debug|x86.ActiveCfg = Debug|Any CPU
		{4F233C23-EBC5-469A-92CA-85114DC225E1}.Debug|x86.Build.0 = Debug|Any CPU
		{4F233C23-EBC5-469A-92CA-85114DC225E1}.Release|Any CPU.ActiveCfg = Release|Any CPU
		{4F233C23-EBC5-469A-92CA-85114DC225E1}.Release|Any CPU.Build.0 = Release|Any CPU
		{4F233C23-EBC5-469A-92CA-85114DC225E1}.Release|x64.ActiveCfg = Release|Any CPU
		{4F233C23-EBC5-469A-92CA-85114DC225E1}.Release|x64.Build.0 = Release|Any CPU
		{4F233C23-EBC5-469A-92CA-85114DC225E1}.Release|x86.ActiveCfg = Release|Any CPU
		{4F233C23-EBC5-469A-92CA-85114DC225E1}.Release|x86.Build.0 = Release|Any CPU
	EndGlobalSection
	GlobalSection(SolutionProperties) = preSolution
		HideSolutionNode = FALSE
	EndGlobalSection
	GlobalSection(NestedProjects) = preSolution
		{843A5DC0-5C58-465F-9951-637D9DA60F03} = {05FC69DD-1869-BBF8-1F9A-46A4035A0CDA}
	EndGlobalSection
EndGlobal
